
Microsoft Visual Studio Solution File, Format Version 12.00
# Visual Studio 2012
Project("{FAE04EC0-301F-11D3-BF4B-00C04F79EFBC}") = "cson.net", "cson.net\cson.net.csproj", "{358D7DC9-7EE5-4354-932A-0BAE9808BDAC}"
EndProject
Project("{FAE04EC0-301F-11D3-BF4B-00C04F79EFBC}") = "cson.net.tests", "cson.net.tests\cson.net.tests.csproj", "{170887EE-3222-4974-B202-E019540FAA15}"
EndProject
Global
	GlobalSection(SolutionConfigurationPlatforms) = preSolution
		Debug|Any CPU = Debug|Any CPU
		Release|Any CPU = Release|Any CPU
	EndGlobalSection
	GlobalSection(ProjectConfigurationPlatforms) = postSolution
		{170887EE-3222-4974-B202-E019540FAA15}.Debug|Any CPU.ActiveCfg = Debug|Any CPU
		{170887EE-3222-4974-B202-E019540FAA15}.Debug|Any CPU.Build.0 = Debug|Any CPU
		{170887EE-3222-4974-B202-E019540FAA15}.Release|Any CPU.ActiveCfg = Release|Any CPU
		{170887EE-3222-4974-B202-E019540FAA15}.Release|Any CPU.Build.0 = Release|Any CPU
		{358D7DC9-7EE5-4354-932A-0BAE9808BDAC}.Debug|Any CPU.ActiveCfg = Debug|Any CPU
		{358D7DC9-7EE5-4354-932A-0BAE9808BDAC}.Debug|Any CPU.Build.0 = Debug|Any CPU
		{358D7DC9-7EE5-4354-932A-0BAE9808BDAC}.Release|Any CPU.ActiveCfg = Release|Any CPU
		{358D7DC9-7EE5-4354-932A-0BAE9808BDAC}.Release|Any CPU.Build.0 = Release|Any CPU
	EndGlobalSection
EndGlobal
